{
  "name": "wo-music-front",
  "version": "0.0.0",
  "lockfileVersion": 1,
  "requires": true,
  "dependencies": {
    "@babel/parser": {
      "version": "7.15.8",
      "resolved": "https://r.cnpmjs.org/@babel/parser/download/@babel/parser-7.15.8.tgz",
      "integrity": "sha1-e6zcvnG9w/+TbVEMFdzqfPC5kBY="
    },
    "@babel/runtime": {
      "version": "7.15.4",
      "resolved": "https://r.cnpmjs.org/@babel/runtime/download/@babel/runtime-7.15.4.tgz",
      "integrity": "sha1-/RfRa/34eObdAtGXU6OfqKjZyEo=",
      "requires": {
        "regenerator-runtime": "^0.13.4"
      }
    },
    "@babel/runtime-corejs3": {
      "version": "7.15.4",
      "resolved": "https://r.cnpmjs.org/@babel/runtime-corejs3/download/@babel/runtime-corejs3-7.15.4.tgz",
      "integrity": "sha1-QDE5ryYrmm6Pm6BKb9zr+N5pK/E=",
      "requires": {
        "core-js-pure": "^3.16.0",
        "regenerator-runtime": "^0.13.4"
      }
    },
    "@intlify/core-base": {
      "version": "9.1.9",
      "resolved": "https://r.cnpmjs.org/@intlify/core-base/download/@intlify/core-base-9.1.9.tgz",
      "integrity": "sha1-5OjJUQEHKOSvOg0T10zz+eet1/Y=",
      "requires": {
        "@intlify/devtools-if": "9.1.9",
        "@intlify/message-compiler": "9.1.9",
        "@intlify/message-resolver": "9.1.9",
        "@intlify/runtime": "9.1.9",
        "@intlify/shared": "9.1.9",
        "@intlify/vue-devtools": "9.1.9"
      }
    },
    "@intlify/devtools-if": {
      "version": "9.1.9",
      "resolved": "https://r.cnpmjs.org/@intlify/devtools-if/download/@intlify/devtools-if-9.1.9.tgz",
      "integrity": "sha1-ow4d0SVv8sXJjY110HU4T7qJjl0=",
      "requires": {
        "@intlify/shared": "9.1.9"
      }
    },
    "@intlify/message-compiler": {
      "version": "9.1.9",
      "resolved": "https://r.cnpmjs.org/@intlify/message-compiler/download/@intlify/message-compiler-9.1.9.tgz",
      "integrity": "sha1-EZPL0iSnHC+5gUVbhTSjx2bSlI0=",
      "requires": {
        "@intlify/message-resolver": "9.1.9",
        "@intlify/shared": "9.1.9",
        "source-map": "0.6.1"
      }
    },
    "@intlify/message-resolver": {
      "version": "9.1.9",
      "resolved": "https://r.cnpmjs.org/@intlify/message-resolver/download/@intlify/message-resolver-9.1.9.tgz",
      "integrity": "sha1-MVXM0vXm0NwWyti38djpf82gW/w="
    },
    "@intlify/runtime": {
      "version": "9.1.9",
      "resolved": "https://r.cnpmjs.org/@intlify/runtime/download/@intlify/runtime-9.1.9.tgz",
      "integrity": "sha1-LBLOKVGKB1Yp7+0KjtKT7nQMsoU=",
      "requires": {
        "@intlify/message-compiler": "9.1.9",
        "@intlify/message-resolver": "9.1.9",
        "@intlify/shared": "9.1.9"
      }
    },
    "@intlify/shared": {
      "version": "9.1.9",
      "resolved": "https://r.cnpmjs.org/@intlify/shared/download/@intlify/shared-9.1.9.tgz",
      "integrity": "sha1-C6r5YSi4VWBma+x4T/sB9mI8wXo="
    },
    "@intlify/vue-devtools": {
      "version": "9.1.9",
      "resolved": "https://r.cnpmjs.org/@intlify/vue-devtools/download/@intlify/vue-devtools-9.1.9.tgz",
      "integrity": "sha1-K+j02+f37UEVZ26zI0gUHUEeQms=",
      "requires": {
        "@intlify/message-resolver": "9.1.9",
        "@intlify/runtime": "9.1.9",
        "@intlify/shared": "9.1.9"
      }
    },
    "@popperjs/core": {
      "version": "2.10.2",
      "resolved": "https://r.cnpmjs.org/@popperjs/core/download/@popperjs/core-2.10.2.tgz",
      "integrity": "sha1-B5jAM1Hw3qGlpMq93yalWny+5ZA="
    },
    "@types/lodash": {
      "version": "4.14.175",
      "resolved": "https://r.cnpmjs.org/@types/lodash/download/@types/lodash-4.14.175.tgz",
      "integrity": "sha1-t436lZGSsB+uCtkOFmR4dpshX0U="
    },
    "@vitejs/plugin-vue": {
      "version": "1.9.3",
      "resolved": "https://r.cnpmjs.org/@vitejs/plugin-vue/download/@vitejs/plugin-vue-1.9.3.tgz",
      "integrity": "sha1-k9YYk85scj0CCa8Eg+yLkaLNgR8=",
      "dev": true
    },
    "@vue/compiler-core": {
      "version": "3.2.20",
      "resolved": "https://r.cnpmjs.org/@vue/compiler-core/download/@vue/compiler-core-3.2.20.tgz",
      "integrity": "sha1-r1o8UjeBiDWw0L6DfrWIWo0hwWA=",
      "requires": {
        "@babel/parser": "^7.15.0",
        "@vue/shared": "3.2.20",
        "estree-walker": "^2.0.2",
        "source-map": "^0.6.1"
      }
    },
    "@vue/compiler-dom": {
      "version": "3.2.20",
      "resolved": "https://r.cnpmjs.org/@vue/compiler-dom/download/@vue/compiler-dom-3.2.20.tgz",
      "integrity": "sha1-jg7zVEScD69BUZsAv8IEXq4B3LU=",
      "requires": {
        "@vue/compiler-core": "3.2.20",
        "@vue/shared": "3.2.20"
      }
    },
    "@vue/compiler-sfc": {
      "version": "3.2.20",
      "resolved": "https://r.cnpmjs.org/@vue/compiler-sfc/download/@vue/compiler-sfc-3.2.20.tgz",
      "integrity": "sha1-LXZo528GbFZt18CcFcmszk6Hbgo=",
      "requires": {
        "@babel/parser": "^7.15.0",
        "@vue/compiler-core": "3.2.20",
        "@vue/compiler-dom": "3.2.20",
        "@vue/compiler-ssr": "3.2.20",
        "@vue/ref-transform": "3.2.20",
        "@vue/shared": "3.2.20",
        "estree-walker": "^2.0.2",
        "magic-string": "^0.25.7",
        "postcss": "^8.1.10",
        "source-map": "^0.6.1"
      }
    },
    "@vue/compiler-ssr": {
      "version": "3.2.20",
      "resolved": "https://r.cnpmjs.org/@vue/compiler-ssr/download/@vue/compiler-ssr-3.2.20.tgz",
      "integrity": "sha1-nM62Jh2ZMstVaCAmEMHCj4bF5SE=",
      "requires": {
        "@vue/compiler-dom": "3.2.20",
        "@vue/shared": "3.2.20"
      }
    },
    "@vue/devtools-api": {
      "version": "6.0.0-beta.19",
      "resolved": "https://r.cnpmjs.org/@vue/devtools-api/download/@vue/devtools-api-6.0.0-beta.19.tgz",
      "integrity": "sha1-+OiAWdqkJFFZkkJqDH6lzeB+mb8="
    },
    "@vue/reactivity": {
      "version": "3.2.20",
      "resolved": "https://r.cnpmjs.org/@vue/reactivity/download/@vue/reactivity-3.2.20.tgz",
      "integrity": "sha1-gf4cNo5/ILwOwd7BBFu+4lNYLeg=",
      "requires": {
        "@vue/shared": "3.2.20"
      }
    },
    "@vue/ref-transform": {
      "version": "3.2.20",
      "resolved": "https://r.cnpmjs.org/@vue/ref-transform/download/@vue/ref-transform-3.2.20.tgz",
      "integrity": "sha1-KlnskMr45cczZ3agkAv/CouBwJA=",
      "requires": {
        "@babel/parser": "^7.15.0",
        "@vue/compiler-core": "3.2.20",
        "@vue/shared": "3.2.20",
        "estree-walker": "^2.0.2",
        "magic-string": "^0.25.7"
      }
    },
    "@vue/runtime-core": {
      "version": "3.2.20",
      "resolved": "https://r.cnpmjs.org/@vue/runtime-core/download/@vue/runtime-core-3.2.20.tgz",
      "integrity": "sha1-j2PpVqP4j7dyVBRDxFp3ASEQEss=",
      "requires": {
        "@vue/reactivity": "3.2.20",
        "@vue/shared": "3.2.20"
      }
    },
    "@vue/runtime-dom": {
      "version": "3.2.20",
      "resolved": "https://r.cnpmjs.org/@vue/runtime-dom/download/@vue/runtime-dom-3.2.20.tgz",
      "integrity": "sha1-iqVq5sMPnNSnHKDp7DxL3GcUjRU=",
      "requires": {
        "@vue/runtime-core": "3.2.20",
        "@vue/shared": "3.2.20",
        "csstype": "^2.6.8"
      }
    },
    "@vue/server-renderer": {
      "version": "3.2.20",
      "resolved": "https://r.cnpmjs.org/@vue/server-renderer/download/@vue/server-renderer-3.2.20.tgz",
      "integrity": "sha1-cF4HrpQlEysrYifTCKUaE/TU7IE=",
      "requires": {
        "@vue/compiler-ssr": "3.2.20",
        "@vue/shared": "3.2.20"
      }
    },
    "@vue/shared": {
      "version": "3.2.20",
      "resolved": "https://r.cnpmjs.org/@vue/shared/download/@vue/shared-3.2.20.tgz",
      "integrity": "sha1-U3RpYfcxqOpmbjMWJx6UQjjcMds="
    },
    "async-validator": {
      "version": "3.5.2",
      "resolved": "https://r.cnpmjs.org/async-validator/download/async-validator-3.5.2.tgz",
      "integrity": "sha1-aOhmqWgk6LJpT/eoMcGiXETV5QA="
    },
    "axios": {
      "version": "0.21.4",
      "resolved": "https://r.cnpmjs.org/axios/download/axios-0.21.4.tgz",
      "integrity": "sha1-xnuQ3AVo5cHPKwuFjEO6KOLtpXU=",
      "requires": {
        "follow-redirects": "^1.14.0"
      }
    },
    "core-js-pure": {
      "version": "3.18.3",
      "resolved": "https://r.cnpmjs.org/core-js-pure/download/core-js-pure-3.18.3.tgz",
      "integrity": "sha1-fu133M4URato/WhxWFZjPi+zuQw="
    },
    "cropperjs": {
      "version": "1.5.12",
      "resolved": "https://r.cnpmjs.org/cropperjs/download/cropperjs-1.5.12.tgz",
      "integrity": "sha1-2cDbK/uMDXadUXOej5FrvEThD1A="
    },
    "csstype": {
      "version": "2.6.18",
      "resolved": "https://r.cnpmjs.org/csstype/download/csstype-2.6.18.tgz",
      "integrity": "sha1-mAqLUwhfNK8xNBCvBk8r0kF4Qhg="
    },
    "dayjs": {
      "version": "1.10.7",
      "resolved": "https://r.cnpmjs.org/dayjs/download/dayjs-1.10.7.tgz",
      "integrity": "sha1-LPX5Gt0oEWdIRAhmoKHSbzps5Gg="
    },
    "element-plus": {
      "version": "1.0.2-beta.52",
      "resolved": "https://r.cnpmjs.org/element-plus/download/element-plus-1.0.2-beta.52.tgz",
      "integrity": "sha1-x+2U1JjjkGWEeKokOLw1JHMlstA=",
      "requires": {
        "@popperjs/core": "^2.4.4",
        "@types/lodash": "^4.14.161",
        "async-validator": "^3.4.0",
        "dayjs": "1.x",
        "lodash": "^4.17.20",
        "mitt": "^2.1.0",
        "normalize-wheel": "^1.0.1",
        "resize-observer-polyfill": "^1.5.1"
      }
    },
    "esbuild": {
      "version": "0.13.6",
      "resolved": "https://r.cnpmjs.org/esbuild/download/esbuild-0.13.6.tgz",
      "integrity": "sha1-ub4ogQjUfoFKbIcp5JXc4P3b9EE=",
      "dev": true,
      "requires": {
        "esbuild-android-arm64": "0.13.6",
        "esbuild-darwin-64": "0.13.6",
        "esbuild-darwin-arm64": "0.13.6",
        "esbuild-freebsd-64": "0.13.6",
        "esbuild-freebsd-arm64": "0.13.6",
        "esbuild-linux-32": "0.13.6",
        "esbuild-linux-64": "0.13.6",
        "esbuild-linux-arm": "0.13.6",
        "esbuild-linux-arm64": "0.13.6",
        "esbuild-linux-mips64le": "0.13.6",
        "esbuild-linux-ppc64le": "0.13.6",
        "esbuild-netbsd-64": "0.13.6",
        "esbuild-openbsd-64": "0.13.6",
        "esbuild-sunos-64": "0.13.6",
        "esbuild-windows-32": "0.13.6",
        "esbuild-windows-64": "0.13.6",
        "esbuild-windows-arm64": "0.13.6"
      }
    },
    "esbuild-android-arm64": {
      "version": "0.13.6",
      "resolved": "https://r.cnpmjs.org/esbuild-android-arm64/download/esbuild-android-arm64-0.13.6.tgz",
      "integrity": "sha1-oQm05SA+nsFEytzN8YpdrwIUI+U=",
      "dev": true,
      "optional": true
    },
    "esbuild-darwin-64": {
      "version": "0.13.6",
      "resolved": "https://r.cnpmjs.org/esbuild-darwin-64/download/esbuild-darwin-64-0.13.6.tgz",
      "integrity": "sha1-GgDvTSs7H+neKKXPGV3xE9ZGEVU=",
      "dev": true,
      "optional": true
    },
    "esbuild-darwin-arm64": {
      "version": "0.13.6",
      "resolved": "https://r.cnpmjs.org/esbuild-darwin-arm64/download/esbuild-darwin-arm64-0.13.6.tgz",
      "integrity": "sha1-9IlU1EEFni0GwWdd3MJa8AsWSTU=",
      "dev": true,
      "optional": true
    },
    "esbuild-freebsd-64": {
      "version": "0.13.6",
      "resolved": "https://r.cnpmjs.org/esbuild-freebsd-64/download/esbuild-freebsd-64-0.13.6.tgz",
      "integrity": "sha1-s7/qfiHw2AeWIgknEY/HYXDKwG8=",
      "dev": true,
      "optional": true
    },
    "esbuild-freebsd-arm64": {
      "version": "0.13.6",
      "resolved": "https://r.cnpmjs.org/esbuild-freebsd-arm64/download/esbuild-freebsd-arm64-0.13.6.tgz",
      "integrity": "sha1-5vV3eoUBJFetoEn8ax4+LDYWFRQ=",
      "dev": true,
      "optional": true
    },
    "esbuild-linux-32": {
      "version": "0.13.6",
      "resolved": "https://r.cnpmjs.org/esbuild-linux-32/download/esbuild-linux-32-0.13.6.tgz",
      "integrity": "sha1-iwQFgxKnb67GlkuVTx8CqzLOQ/4=",
      "dev": true,
      "optional": true
    },
    "esbuild-linux-64": {
      "version": "0.13.6",
      "resolved": "https://r.cnpmjs.org/esbuild-linux-64/download/esbuild-linux-64-0.13.6.tgz",
      "integrity": "sha1-VU2O3+P3kfiyaXjrFzsuE2Q0QsA=",
      "dev": true,
      "optional": true
    },
    "esbuild-linux-arm": {
      "version": "0.13.6",
      "resolved": "https://r.cnpmjs.org/esbuild-linux-arm/download/esbuild-linux-arm-0.13.6.tgz",
      "integrity": "sha1-ztjjWpTgrb8TTl+k4rZh+JfhSyc=",
      "dev": true,
      "optional": true
    },
    "esbuild-linux-arm64": {
      "version": "0.13.6",
      "resolved": "https://r.cnpmjs.org/esbuild-linux-arm64/download/esbuild-linux-arm64-0.13.6.tgz",
      "integrity": "sha1-IUL629vA69UqFm+Vbw7LH2YCESo=",
      "dev": true,
      "optional": true
    },
    "esbuild-linux-mips64le": {
      "version": "0.13.6",
      "resolved": "https://r.cnpmjs.org/esbuild-linux-mips64le/download/esbuild-linux-mips64le-0.13.6.tgz",
      "integrity": "sha1-5cvAUPXUT47MD3mxZBu605GaKzo=",
      "dev": true,
      "optional": true
    },
    "esbuild-linux-ppc64le": {
      "version": "0.13.6",
      "resolved": "https://r.cnpmjs.org/esbuild-linux-ppc64le/download/esbuild-linux-ppc64le-0.13.6.tgz",
      "integrity": "sha1-V4aKfrdiwdGfptNnsJpGEPDL98o=",
      "dev": true,
      "optional": true
    },
    "esbuild-netbsd-64": {
      "version": "0.13.6",
      "resolved": "https://r.cnpmjs.org/esbuild-netbsd-64/download/esbuild-netbsd-64-0.13.6.tgz",
      "integrity": "sha1-HF2qYlcfEGXkoRAKHbXkiO8lkCQ=",
      "dev": true,
      "optional": true
    },
    "esbuild-openbsd-64": {
      "version": "0.13.6",
      "resolved": "https://r.cnpmjs.org/esbuild-openbsd-64/download/esbuild-openbsd-64-0.13.6.tgz",
      "integrity": "sha1-MV/YWXA2WDX2oet7bpM11Z93JWQ=",
      "dev": true,
      "optional": true
    },
    "esbuild-sunos-64": {
      "version": "0.13.6",
      "resolved": "https://r.cnpmjs.org/esbuild-sunos-64/download/esbuild-sunos-64-0.13.6.tgz",
      "integrity": "sha1-hCLuufNxLapL79GeXabXya+fx0Q=",
      "dev": true,
      "optional": true
    },
    "esbuild-windows-32": {
      "version": "0.13.6",
      "resolved": "https://r.cnpmjs.org/esbuild-windows-32/download/esbuild-windows-32-0.13.6.tgz",
      "integrity": "sha1-aU60do7nIhnTvGQVsdOg+EOuqew=",
      "dev": true,
      "optional": true
    },
    "esbuild-windows-64": {
      "version": "0.13.6",
      "resolved": "https://r.cnpmjs.org/esbuild-windows-64/download/esbuild-windows-64-0.13.6.tgz",
      "integrity": "sha1-Gtv1NnsI5zUmL1cJjRnAfQov7Bw=",
      "dev": true,
      "optional": true
    },
    "esbuild-windows-arm64": {
      "version": "0.13.6",
      "resolved": "https://r.cnpmjs.org/esbuild-windows-arm64/download/esbuild-windows-arm64-0.13.6.tgz",
      "integrity": "sha1-knkIN0DskKLWOEhcl7HQA3cdaFo=",
      "dev": true,
      "optional": true
    },
    "estree-walker": {
      "version": "2.0.2",
      "resolved": "https://r.cnpmjs.org/estree-walker/download/estree-walker-2.0.2.tgz",
      "integrity": "sha1-UvAQF4wqTBF6d1fP6UKtt9LaTKw="
    },
    "follow-redirects": {
      "version": "1.14.4",
      "resolved": "https://r.cnpmjs.org/follow-redirects/download/follow-redirects-1.14.4.tgz",
      "integrity": "sha1-g4/fSKi73XnlLuUfsclOPtmLk3k="
    },
    "fsevents": {
      "version": "2.3.2",
      "resolved": "https://r.cnpmjs.org/fsevents/download/fsevents-2.3.2.tgz",
      "integrity": "sha1-ilJveLj99GI7cJ4Ll1xSwkwC/Ro=",
      "dev": true,
      "optional": true
    },
    "function-bind": {
      "version": "1.1.1",
      "resolved": "https://r.cnpmjs.org/function-bind/download/function-bind-1.1.1.tgz",
      "integrity": "sha1-pWiZ0+o8m6uHS7l3O3xe3pL0iV0=",
      "dev": true
    },
    "has": {
      "version": "1.0.3",
      "resolved": "https://r.cnpmjs.org/has/download/has-1.0.3.tgz",
      "integrity": "sha1-ci18v8H2qoJB8W3YFOAR4fQeh5Y=",
      "dev": true,
      "requires": {
        "function-bind": "^1.1.1"
      }
    },
    "is-core-module": {
      "version": "2.8.0",
      "resolved": "https://r.cnpmjs.org/is-core-module/download/is-core-module-2.8.0.tgz",
      "integrity": "sha1-AyEzbD0JJeSX/Zf12VyxFKXM1Ug=",
      "dev": true,
      "requires": {
        "has": "^1.0.3"
      }
    },
    "lodash": {
      "version": "4.17.21",
      "resolved": "https://r.cnpmjs.org/lodash/download/lodash-4.17.21.tgz",
      "integrity": "sha1-Z5WRxWTDv/quhFTPCz3zcMPWkRw="
    },
    "magic-string": {
      "version": "0.25.7",
      "resolved": "https://r.cnpmjs.org/magic-string/download/magic-string-0.25.7.tgz",
      "integrity": "sha1-P0l9b9NMZpxnmNy4IfLvMfVEUFE=",
      "requires": {
        "sourcemap-codec": "^1.4.4"
      }
    },
    "mitt": {
      "version": "2.1.0",
      "resolved": "https://r.cnpmjs.org/mitt/download/mitt-2.1.0.tgz",
      "integrity": "sha1-90BXfCMXbGIFsSGylzUU6t4bIjA="
    },
    "nanoid": {
      "version": "3.1.30",
      "resolved": "https://r.cnpmjs.org/nanoid/download/nanoid-3.1.30.tgz",
      "integrity": "sha1-Y/k8xUjSoRPcXfvGO/oJ4rm2Q2I="
    },
    "normalize-wheel": {
      "version": "1.0.1",
      "resolved": "https://r.cnpmjs.org/normalize-wheel/download/normalize-wheel-1.0.1.tgz",
      "integrity": "sha1-rsiGr/2wRQcNhWRH32Ls+GFG7EU="
    },
    "path-parse": {
      "version": "1.0.7",
      "resolved": "https://r.cnpmjs.org/path-parse/download/path-parse-1.0.7.tgz",
      "integrity": "sha1-+8EUtgykKzDZ2vWFjkvWi77bZzU=",
      "dev": true
    },
    "picocolors": {
      "version": "0.2.1",
      "resolved": "https://r.cnpmjs.org/picocolors/download/picocolors-0.2.1.tgz",
      "integrity": "sha1-VwZw95NkaFHRuhNZlpYqutWHhZ8="
    },
    "postcss": {
      "version": "8.3.9",
      "resolved": "https://r.cnpmjs.org/postcss/download/postcss-8.3.9.tgz",
      "integrity": "sha1-mHVMqgbE7p61nMSL0HO7a9NDfDE=",
      "requires": {
        "nanoid": "^3.1.28",
        "picocolors": "^0.2.1",
        "source-map-js": "^0.6.2"
      }
    },
    "regenerator-runtime": {
      "version": "0.13.9",
      "resolved": "https://r.cnpmjs.org/regenerator-runtime/download/regenerator-runtime-0.13.9.tgz",
      "integrity": "sha1-iSV0Kpj/2QgUmI11Zq0wyjsmO1I="
    },
    "resize-observer-polyfill": {
      "version": "1.5.1",
      "resolved": "https://r.cnpmjs.org/resize-observer-polyfill/download/resize-observer-polyfill-1.5.1.tgz",
      "integrity": "sha1-DpAg3T0hAkRY1OvSfiPkAmmBBGQ="
    },
    "resolve": {
      "version": "1.20.0",
      "resolved": "https://r.cnpmjs.org/resolve/download/resolve-1.20.0.tgz",
      "integrity": "sha1-YpoBP7P3B1XW8LeTXMHCxTeLGXU=",
      "dev": true,
      "requires": {
        "is-core-module": "^2.2.0",
        "path-parse": "^1.0.6"
      }
    },
    "rollup": {
      "version": "2.58.0",
      "resolved": "https://r.cnpmjs.org/rollup/download/rollup-2.58.0.tgz",
      "integrity": "sha1-pkOYM2Xnv39bfGKoMxuYO3xMZ/s=",
      "dev": true,
      "requires": {
        "fsevents": "~2.3.2"
      }
    },
    "schart.js": {
      "version": "3.0.0",
      "resolved": "https://r.cnpmjs.org/schart.js/download/schart.js-3.0.0.tgz",
      "integrity": "sha1-Rb22sRKmA/rgw6rV0v27m4D4bVc="
    },
    "source-map": {
      "version": "0.6.1",
      "resolved": "https://r.cnpmjs.org/source-map/download/source-map-0.6.1.tgz",
      "integrity": "sha1-dHIq8y6WFOnCh6jQu95IteLxomM="
    },
    "source-map-js": {
      "version": "0.6.2",
      "resolved": "https://r.cnpmjs.org/source-map-js/download/source-map-js-0.6.2.tgz",
      "integrity": "sha1-C7XeYxtBz72mz7qL0FqA79/SOF4="
    },
    "sourcemap-codec": {
      "version": "1.4.8",
      "resolved": "https://r.cnpmjs.org/sourcemap-codec/download/sourcemap-codec-1.4.8.tgz",
      "integrity": "sha1-6oBL2UhXQC5pktBaOO8a41qatMQ="
    },
    "tslib": {
      "version": "2.3.1",
      "resolved": "https://r.cnpmjs.org/tslib/download/tslib-2.3.1.tgz",
      "integrity": "sha1-6KM1rdXOrlGqJh0ypJAVjvBC7wE="
    },
    "vite": {
      "version": "2.6.7",
      "resolved": "https://r.cnpmjs.org/vite/download/vite-2.6.7.tgz",
      "integrity": "sha1-4VwdgyeVByC118TsP7NqWljM98s=",
      "dev": true,
      "requires": {
        "esbuild": "^0.13.2",
        "fsevents": "~2.3.2",
        "postcss": "^8.3.8",
        "resolve": "^1.20.0",
        "rollup": "^2.57.0"
      }
    },
    "vue": {
      "version": "3.2.20",
      "resolved": "https://r.cnpmjs.org/vue/download/vue-3.2.20.tgz",
      "integrity": "sha1-lA+KqL8+O+eCQ8pYK61B/NRa4+Y=",
      "requires": {
        "@vue/compiler-dom": "3.2.20",
        "@vue/compiler-sfc": "3.2.20",
        "@vue/runtime-dom": "3.2.20",
        "@vue/server-renderer": "3.2.20",
        "@vue/shared": "3.2.20"
      }
    },
    "vue-cropperjs": {
      "version": "5.0.0",
      "resolved": "https://r.cnpmjs.org/vue-cropperjs/download/vue-cropperjs-5.0.0.tgz",
      "integrity": "sha1-f4y8Rgc3rzgxtN7WNMlZBRmOMp4=",
      "requires": {
        "cropperjs": "^1.5.6"
      }
    },
    "vue-i18n": {
      "version": "9.1.9",
      "resolved": "https://r.cnpmjs.org/vue-i18n/download/vue-i18n-9.1.9.tgz",
      "integrity": "sha1-y1PgarXMW37tWTMvFRyvSNR76bs=",
      "requires": {
        "@intlify/core-base": "9.1.9",
        "@intlify/shared": "9.1.9",
        "@intlify/vue-devtools": "9.1.9",
        "@vue/devtools-api": "^6.0.0-beta.7"
      }
    },
    "vue-router": {
      "version": "4.0.12",
      "resolved": "https://r.cnpmjs.org/vue-router/download/vue-router-4.0.12.tgz",
      "integrity": "sha1-jceSzd9bsavMOQj5BkE23n4TxGA=",
      "requires": {
        "@vue/devtools-api": "^6.0.0-beta.18"
      }
    },
    "vue-schart": {
      "version": "2.0.0",
      "resolved": "https://r.cnpmjs.org/vue-schart/download/vue-schart-2.0.0.tgz",
      "integrity": "sha1-dE8mu788ELxaWEkx4AIzWXCBCQE=",
      "requires": {
        "schart.js": "^3.0.0"
      }
    },
    "vuex": {
      "version": "4.0.2",
      "resolved": "https://r.cnpmjs.org/vuex/download/vuex-4.0.2.tgz",
      "integrity": "sha1-+Jbb1b8qDpY/AMZ+m2EN50nMrMk=",
      "requires": {
        "@vue/devtools-api": "^6.0.0-beta.11"
      }
    },
    "wangeditor": {
      "version": "4.7.8",
      "resolved": "https://r.cnpmjs.org/wangeditor/download/wangeditor-4.7.8.tgz",
      "integrity": "sha1-rVba2PnP1g0nps1DQfeyX0vGzJE=",
      "requires": {
        "@babel/runtime": "^7.11.2",
        "@babel/runtime-corejs3": "^7.11.2",
        "tslib": "^2.1.0"
      }
    }
  }
}
